
Microsoft Visual Studio Solution File, Format Version 12.00
# Visual Studio Version 17
VisualStudioVersion = 17.9.34728.123
MinimumVisualStudioVersion = 10.0.40219.1
Project("{FAE04EC0-301F-11D3-BF4B-00C04F79EFBC}") = "CameraWebServer", "CameraWebServer.csproj", "{BA5A409A-4741-460A-9C1A-B867468F92CE}"
EndProject
Global
	GlobalSection(SolutionConfigurationPlatforms) = preSolution
		Debug|Any CPU = Debug|Any CPU
		Release|Any CPU = Release|Any CPU
	EndGlobalSection
	GlobalSection(ProjectConfigurationPlatforms) = postSolution
		{BA5A409A-4741-460A-9C1A-B867468F92CE}.Debug|Any CPU.ActiveCfg = Debug|Any CPU
		{BA5A409A-4741-460A-9C1A-B867468F92CE}.Debug|Any CPU.Build.0 = Debug|Any CPU
		{BA5A409A-4741-460A-9C1A-B867468F92CE}.Release|Any CPU.ActiveCfg = Release|Any CPU
		{BA5A409A-4741-460A-9C1A-B867468F92CE}.Release|Any CPU.Build.0 = Release|Any CPU
	EndGlobalSection
	GlobalSection(SolutionProperties) = preSolution
		HideSolutionNode = FALSE
	EndGlobalSection
	GlobalSection(ExtensibilityGlobals) = postSolution
		SolutionGuid = {3FD91136-3EF3-4CDC-A001-B57881250A69}
	EndGlobalSection
EndGlobal
